
Microsoft Visual Studio Solution File, Format Version 12.00
# Visual Studio Version 16
VisualStudioVersion = 16.0.29609.76
MinimumVisualStudioVersion = 10.0.40219.1
Project("{FAE04EC0-301F-11D3-BF4B-00C04F79EFBC}") = "HelloWorld", "HelloWorld.csproj", "{076BEDF3-2EFC-4286-8F6F-BDD45425770D}"
EndProject
Global
	GlobalSection(SolutionConfigurationPlatforms) = preSolution
		Debug|Any CPU = Debug|Any CPU
		Release|Any CPU = Release|Any CPU
	EndGlobalSection
	GlobalSection(ProjectConfigurationPlatforms) = postSolution
		{076BEDF3-2EFC-4286-8F6F-BDD45425770D}.Debug|Any CPU.ActiveCfg = Debug|Any CPU
		{076BEDF3-2EFC-4286-8F6F-BDD45425770D}.Debug|Any CPU.Build.0 = Debug|Any CPU
		{076BEDF3-2EFC-4286-8F6F-BDD45425770D}.Release|Any CPU.ActiveCfg = Release|Any CPU
		{076BEDF3-2EFC-4286-8F6F-BDD45425770D}.Release|Any CPU.Build.0 = Release|Any CPU
	EndGlobalSection
	GlobalSection(SolutionProperties) = preSolution
		HideSolutionNode = FALSE
	EndGlobalSection
	GlobalSection(ExtensibilityGlobals) = postSolution
		SolutionGuid = {14CF875E-38A0-4191-9A5E-DB9AA515FEF7}
	EndGlobalSection
EndGlobal
