
Microsoft Visual Studio Solution File, Format Version 12.00
# Visual Studio Version 16
VisualStudioVersion = 16.0.29609.76
MinimumVisualStudioVersion = 10.0.40219.1
Project("{FAE04EC0-301F-11D3-BF4B-00C04F79EFBC}") = "HelloWorld", "HelloWorld.csproj", "{076BEDF3-2EFC-4286-8F6F-BDD45425770D}"
EndProject
Project("{FAE04EC0-301F-11D3-BF4B-00C04F79EFBC}") = "NullableProj", "..\NullableProj\NullableProj.csproj", "{711BA477-6E8F-4F08-9571-541281AD1511}"
EndProject
Project("{FAE04EC0-301F-11D3-BF4B-00C04F79EFBC}") = "CsharpNullReferenceTypesCheckpoint", "..\CsharpNullReferenceTypesCheckpoint\CsharpNullReferenceTypesCheckpoint.csproj", "{3AEA7E67-1288-43FC-B3A4-AF42C1DF3063}"
EndProject
Project("{FAE04EC0-301F-11D3-BF4B-00C04F79EFBC}") = "CsharpAsyncStreamsCheckpoint", "..\CsharpAsyncStreamsCheckpoint\CsharpAsyncStreamsCheckpoint.csproj", "{5B0FB252-D42E-4B5D-966E-FE4163C961EE}"
EndProject
Project("{FAE04EC0-301F-11D3-BF4B-00C04F79EFBC}") = "CsharpPatternMatchingCheckpoint", "..\csharp-pattern-matching-checkpoint\CsharpPatternMatchingCheckpoint.csproj", "{B505263C-7587-4AF8-8880-0B8F49F77694}"
EndProject
Project("{FAE04EC0-301F-11D3-BF4B-00C04F79EFBC}") = "WpfNetCore", "..\WpfNetCore\WpfNetCore.csproj", "{889229E4-D44B-47E0-9C0F-FBF9C2D11392}"
EndProject
Global
	GlobalSection(SolutionConfigurationPlatforms) = preSolution
		Debug|Any CPU = Debug|Any CPU
		Release|Any CPU = Release|Any CPU
	EndGlobalSection
	GlobalSection(ProjectConfigurationPlatforms) = postSolution
		{076BEDF3-2EFC-4286-8F6F-BDD45425770D}.Debug|Any CPU.ActiveCfg = Debug|Any CPU
		{076BEDF3-2EFC-4286-8F6F-BDD45425770D}.Debug|Any CPU.Build.0 = Debug|Any CPU
		{076BEDF3-2EFC-4286-8F6F-BDD45425770D}.Release|Any CPU.ActiveCfg = Release|Any CPU
		{076BEDF3-2EFC-4286-8F6F-BDD45425770D}.Release|Any CPU.Build.0 = Release|Any CPU
		{711BA477-6E8F-4F08-9571-541281AD1511}.Debug|Any CPU.ActiveCfg = Debug|Any CPU
		{711BA477-6E8F-4F08-9571-541281AD1511}.Debug|Any CPU.Build.0 = Debug|Any CPU
		{711BA477-6E8F-4F08-9571-541281AD1511}.Release|Any CPU.ActiveCfg = Release|Any CPU
		{711BA477-6E8F-4F08-9571-541281AD1511}.Release|Any CPU.Build.0 = Release|Any CPU
		{3AEA7E67-1288-43FC-B3A4-AF42C1DF3063}.Debug|Any CPU.ActiveCfg = Debug|Any CPU
		{3AEA7E67-1288-43FC-B3A4-AF42C1DF3063}.Debug|Any CPU.Build.0 = Debug|Any CPU
		{3AEA7E67-1288-43FC-B3A4-AF42C1DF3063}.Release|Any CPU.ActiveCfg = Release|Any CPU
		{3AEA7E67-1288-43FC-B3A4-AF42C1DF3063}.Release|Any CPU.Build.0 = Release|Any CPU
		{5B0FB252-D42E-4B5D-966E-FE4163C961EE}.Debug|Any CPU.ActiveCfg = Debug|Any CPU
		{5B0FB252-D42E-4B5D-966E-FE4163C961EE}.Debug|Any CPU.Build.0 = Debug|Any CPU
		{5B0FB252-D42E-4B5D-966E-FE4163C961EE}.Release|Any CPU.ActiveCfg = Release|Any CPU
		{5B0FB252-D42E-4B5D-966E-FE4163C961EE}.Release|Any CPU.Build.0 = Release|Any CPU
		{B505263C-7587-4AF8-8880-0B8F49F77694}.Debug|Any CPU.ActiveCfg = Debug|Any CPU
		{B505263C-7587-4AF8-8880-0B8F49F77694}.Debug|Any CPU.Build.0 = Debug|Any CPU
		{B505263C-7587-4AF8-8880-0B8F49F77694}.Release|Any CPU.ActiveCfg = Release|Any CPU
		{B505263C-7587-4AF8-8880-0B8F49F77694}.Release|Any CPU.Build.0 = Release|Any CPU
		{889229E4-D44B-47E0-9C0F-FBF9C2D11392}.Debug|Any CPU.ActiveCfg = Debug|Any CPU
		{889229E4-D44B-47E0-9C0F-FBF9C2D11392}.Debug|Any CPU.Build.0 = Debug|Any CPU
		{889229E4-D44B-47E0-9C0F-FBF9C2D11392}.Release|Any CPU.ActiveCfg = Release|Any CPU
		{889229E4-D44B-47E0-9C0F-FBF9C2D11392}.Release|Any CPU.Build.0 = Release|Any CPU
	EndGlobalSection
	GlobalSection(SolutionProperties) = preSolution
		HideSolutionNode = FALSE
	EndGlobalSection
	GlobalSection(ExtensibilityGlobals) = postSolution
		SolutionGuid = {14CF875E-38A0-4191-9A5E-DB9AA515FEF7}
	EndGlobalSection
EndGlobal
